// !$*UTF8*$!
{
	archiveVersion = 1;
	classes = {
	};
	objectVersion = 48;
	objects = {

/* Begin PBXBuildFile section */
		602DF4622028B15400E6A115 /* AppDelegate.swift in Sources */ = {isa = PBXBuildFile; fileRef = 602DF4612028B15400E6A115 /* AppDelegate.swift */; };
		602DF4672028B15400E6A115 /* Main.storyboard in Resources */ = {isa = PBXBuildFile; fileRef = 602DF4652028B15400E6A115 /* Main.storyboard */; };
		602DF4692028B15400E6A115 /* Assets.xcassets in Resources */ = {isa = PBXBuildFile; fileRef = 602DF4682028B15400E6A115 /* Assets.xcassets */; };
		602DF46C2028B15400E6A115 /* LaunchScreen.storyboard in Resources */ = {isa = PBXBuildFile; fileRef = 602DF46A2028B15400E6A115 /* LaunchScreen.storyboard */; };
		602DF4772028B15400E6A115 /* CleanScoreDemoTests.swift in Sources */ = {isa = PBXBuildFile; fileRef = 602DF4762028B15400E6A115 /* CleanScoreDemoTests.swift */; };
		602DF4822028B15400E6A115 /* CleanScoreDemoUITests.swift in Sources */ = {isa = PBXBuildFile; fileRef = 602DF4812028B15400E6A115 /* CleanScoreDemoUITests.swift */; };
		602DF4922028BB2200E6A115 /* MainViewController.swift in Sources */ = {isa = PBXBuildFile; fileRef = 602DF4912028BB2200E6A115 /* MainViewController.swift */; };
		60439D522029D75C00E0B549 /* creditReturnedScore.json in Resources */ = {isa = PBXBuildFile; fileRef = 60D59DB42029CF3300D54FD5 /* creditReturnedScore.json */; };
		605ECC342028BE9000B81D8D /* ArcView.swift in Sources */ = {isa = PBXBuildFile; fileRef = 605ECC332028BE9000B81D8D /* ArcView.swift */; };
		605ECC372028D05800B81D8D /* ServiceManagerProtocol.swift in Sources */ = {isa = PBXBuildFile; fileRef = 605ECC362028D05800B81D8D /* ServiceManagerProtocol.swift */; };
		605ECC392028D06400B81D8D /* ServiceManager.swift in Sources */ = {isa = PBXBuildFile; fileRef = 605ECC382028D06400B81D8D /* ServiceManager.swift */; };
		605ECC3C2028D09B00B81D8D /* NetworkError.swift in Sources */ = {isa = PBXBuildFile; fileRef = 605ECC3B2028D09B00B81D8D /* NetworkError.swift */; };
		605ECC3E2028D0B700B81D8D /* Constants.swift in Sources */ = {isa = PBXBuildFile; fileRef = 605ECC3D2028D0B700B81D8D /* Constants.swift */; };
		605ECC412028E3AE00B81D8D /* CreditInfo.swift in Sources */ = {isa = PBXBuildFile; fileRef = 605ECC402028E3AE00B81D8D /* CreditInfo.swift */; };
		605ECC432029B38200B81D8D /* ParserProtocol.swift in Sources */ = {isa = PBXBuildFile; fileRef = 605ECC422029B38200B81D8D /* ParserProtocol.swift */; };
		605ECC452029B38B00B81D8D /* JsonParserProtocol.swift in Sources */ = {isa = PBXBuildFile; fileRef = 605ECC442029B38B00B81D8D /* JsonParserProtocol.swift */; };
		605ECC472029B3E800B81D8D /* JsonParser.swift in Sources */ = {isa = PBXBuildFile; fileRef = 605ECC462029B3E800B81D8D /* JsonParser.swift */; };
		605ECC492029B4B200B81D8D /* SessionManager.swift in Sources */ = {isa = PBXBuildFile; fileRef = 605ECC482029B4B200B81D8D /* SessionManager.swift */; };
		605ECC4B2029B4FB00B81D8D /* SessionManagerProtocol.swift in Sources */ = {isa = PBXBuildFile; fileRef = 605ECC4A2029B4FB00B81D8D /* SessionManagerProtocol.swift */; };
		60D59DB52029CF3300D54FD5 /* creditReturnedScore.json in Resources */ = {isa = PBXBuildFile; fileRef = 60D59DB42029CF3300D54FD5 /* creditReturnedScore.json */; };
		ABBE20CA0AC7977B71D9A101 /* Pods_CleanScoreDemoUITests.framework in Frameworks */ = {isa = PBXBuildFile; fileRef = C16C871EEDDCF31C19E11B84 /* Pods_CleanScoreDemoUITests.framework */; };
		EDB106933E1B90BE34116FA6 /* Pods_CleanScoreDemoTests.framework in Frameworks */ = {isa = PBXBuildFile; fileRef = D2160DD7085881272383EEFD /* Pods_CleanScoreDemoTests.framework */; };
		F64E5C2FBFF3C79C5090DE25 /* Pods_CleanScoreDemo.framework in Frameworks */ = {isa = PBXBuildFile; fileRef = 39B95981DA5512CF9F4BFAA9 /* Pods_CleanScoreDemo.framework */; };
/* End PBXBuildFile section */

/* Begin PBXContainerItemProxy section */
		602DF4732028B15400E6A115 /* PBXContainerItemProxy */ = {
			isa = PBXContainerItemProxy;
			containerPortal = 602DF4562028B15400E6A115 /* Project object */;
			proxyType = 1;
			remoteGlobalIDString = 602DF45D2028B15400E6A115;
			remoteInfo = CleanScoreDemo;
		};
		602DF47E2028B15400E6A115 /* PBXContainerItemProxy */ = {
			isa = PBXContainerItemProxy;
			containerPortal = 602DF4562028B15400E6A115 /* Project object */;
			proxyType = 1;
			remoteGlobalIDString = 602DF45D2028B15400E6A115;
			remoteInfo = CleanScoreDemo;
		};
/* End PBXContainerItemProxy section */

/* Begin PBXFileReference section */
		1996A4CA71090A6F15D49A87 /* Pods-CleanScoreDemoTests.debug.xcconfig */ = {isa = PBXFileReference; includeInIndex = 1; lastKnownFileType = text.xcconfig; name = "Pods-CleanScoreDemoTests.debug.xcconfig"; path = "Pods/Target Support Files/Pods-CleanScoreDemoTests/Pods-CleanScoreDemoTests.debug.xcconfig"; sourceTree = "<group>"; };
		39B95981DA5512CF9F4BFAA9 /* Pods_CleanScoreDemo.framework */ = {isa = PBXFileReference; explicitFileType = wrapper.framework; includeInIndex = 0; path = Pods_CleanScoreDemo.framework; sourceTree = BUILT_PRODUCTS_DIR; };
		44E018BD55B9DA8FBBC2B535 /* Pods-CleanScoreDemo.release.xcconfig */ = {isa = PBXFileReference; includeInIndex = 1; lastKnownFileType = text.xcconfig; name = "Pods-CleanScoreDemo.release.xcconfig"; path = "Pods/Target Support Files/Pods-CleanScoreDemo/Pods-CleanScoreDemo.release.xcconfig"; sourceTree = "<group>"; };
		4D9D73E469C7C40DBD11D34E /* Pods-CleanScoreDemo.debug.xcconfig */ = {isa = PBXFileReference; includeInIndex = 1; lastKnownFileType = text.xcconfig; name = "Pods-CleanScoreDemo.debug.xcconfig"; path = "Pods/Target Support Files/Pods-CleanScoreDemo/Pods-CleanScoreDemo.debug.xcconfig"; sourceTree = "<group>"; };
		602DF45E2028B15400E6A115 /* CleanScoreDemo.app */ = {isa = PBXFileReference; explicitFileType = wrapper.application; includeInIndex = 0; path = CleanScoreDemo.app; sourceTree = BUILT_PRODUCTS_DIR; };
		602DF4612028B15400E6A115 /* AppDelegate.swift */ = {isa = PBXFileReference; lastKnownFileType = sourcecode.swift; path = AppDelegate.swift; sourceTree = "<group>"; };
		602DF4662028B15400E6A115 /* Base */ = {isa = PBXFileReference; lastKnownFileType = file.storyboard; name = Base; path = Base.lproj/Main.storyboard; sourceTree = "<group>"; };
		602DF4682028B15400E6A115 /* Assets.xcassets */ = {isa = PBXFileReference; lastKnownFileType = folder.assetcatalog; path = Assets.xcassets; sourceTree = "<group>"; };
		602DF46B2028B15400E6A115 /* Base */ = {isa = PBXFileReference; lastKnownFileType = file.storyboard; name = Base; path = Base.lproj/LaunchScreen.storyboard; sourceTree = "<group>"; };
		602DF46D2028B15400E6A115 /* Info.plist */ = {isa = PBXFileReference; lastKnownFileType = text.plist.xml; path = Info.plist; sourceTree = "<group>"; };
		602DF4722028B15400E6A115 /* CleanScoreDemoTests.xctest */ = {isa = PBXFileReference; explicitFileType = wrapper.cfbundle; includeInIndex = 0; path = CleanScoreDemoTests.xctest; sourceTree = BUILT_PRODUCTS_DIR; };
		602DF4762028B15400E6A115 /* CleanScoreDemoTests.swift */ = {isa = PBXFileReference; lastKnownFileType = sourcecode.swift; path = CleanScoreDemoTests.swift; sourceTree = "<group>"; };
		602DF4782028B15400E6A115 /* Info.plist */ = {isa = PBXFileReference; lastKnownFileType = text.plist.xml; path = Info.plist; sourceTree = "<group>"; };
		602DF47D2028B15400E6A115 /* CleanScoreDemoUITests.xctest */ = {isa = PBXFileReference; explicitFileType = wrapper.cfbundle; includeInIndex = 0; path = CleanScoreDemoUITests.xctest; sourceTree = BUILT_PRODUCTS_DIR; };
		602DF4812028B15400E6A115 /* CleanScoreDemoUITests.swift */ = {isa = PBXFileReference; lastKnownFileType = sourcecode.swift; path = CleanScoreDemoUITests.swift; sourceTree = "<group>"; };
		602DF4832028B15400E6A115 /* Info.plist */ = {isa = PBXFileReference; lastKnownFileType = text.plist.xml; path = Info.plist; sourceTree = "<group>"; };
		602DF4912028BB2200E6A115 /* MainViewController.swift */ = {isa = PBXFileReference; lastKnownFileType = sourcecode.swift; path = MainViewController.swift; sourceTree = "<group>"; };
		605ECC332028BE9000B81D8D /* ArcView.swift */ = {isa = PBXFileReference; lastKnownFileType = sourcecode.swift; path = ArcView.swift; sourceTree = "<group>"; };
		605ECC362028D05800B81D8D /* ServiceManagerProtocol.swift */ = {isa = PBXFileReference; lastKnownFileType = sourcecode.swift; path = ServiceManagerProtocol.swift; sourceTree = "<group>"; };
		605ECC382028D06400B81D8D /* ServiceManager.swift */ = {isa = PBXFileReference; lastKnownFileType = sourcecode.swift; path = ServiceManager.swift; sourceTree = "<group>"; };
		605ECC3B2028D09B00B81D8D /* NetworkError.swift */ = {isa = PBXFileReference; lastKnownFileType = sourcecode.swift; path = NetworkError.swift; sourceTree = "<group>"; };
		605ECC3D2028D0B700B81D8D /* Constants.swift */ = {isa = PBXFileReference; lastKnownFileType = sourcecode.swift; path = Constants.swift; sourceTree = "<group>"; };
		605ECC402028E3AE00B81D8D /* CreditInfo.swift */ = {isa = PBXFileReference; lastKnownFileType = sourcecode.swift; path = CreditInfo.swift; sourceTree = "<group>"; };
		605ECC422029B38200B81D8D /* ParserProtocol.swift */ = {isa = PBXFileReference; lastKnownFileType = sourcecode.swift; path = ParserProtocol.swift; sourceTree = "<group>"; };
		605ECC442029B38B00B81D8D /* JsonParserProtocol.swift */ = {isa = PBXFileReference; lastKnownFileType = sourcecode.swift; path = JsonParserProtocol.swift; sourceTree = "<group>"; };
		605ECC462029B3E800B81D8D /* JsonParser.swift */ = {isa = PBXFileReference; lastKnownFileType = sourcecode.swift; path = JsonParser.swift; sourceTree = "<group>"; };
		605ECC482029B4B200B81D8D /* SessionManager.swift */ = {isa = PBXFileReference; lastKnownFileType = sourcecode.swift; path = SessionManager.swift; sourceTree = "<group>"; };
		605ECC4A2029B4FB00B81D8D /* SessionManagerProtocol.swift */ = {isa = PBXFileReference; lastKnownFileType = sourcecode.swift; path = SessionManagerProtocol.swift; sourceTree = "<group>"; };
		60D59DB42029CF3300D54FD5 /* creditReturnedScore.json */ = {isa = PBXFileReference; lastKnownFileType = text.json; path = creditReturnedScore.json; sourceTree = "<group>"; };
		970B7E8202416F2D091FC061 /* Pods-CleanScoreDemoUITests.debug.xcconfig */ = {isa = PBXFileReference; includeInIndex = 1; lastKnownFileType = text.xcconfig; name = "Pods-CleanScoreDemoUITests.debug.xcconfig"; path = "Pods/Target Support Files/Pods-CleanScoreDemoUITests/Pods-CleanScoreDemoUITests.debug.xcconfig"; sourceTree = "<group>"; };
		C16C871EEDDCF31C19E11B84 /* Pods_CleanScoreDemoUITests.framework */ = {isa = PBXFileReference; explicitFileType = wrapper.framework; includeInIndex = 0; path = Pods_CleanScoreDemoUITests.framework; sourceTree = BUILT_PRODUCTS_DIR; };
		D2160DD7085881272383EEFD /* Pods_CleanScoreDemoTests.framework */ = {isa = PBXFileReference; explicitFileType = wrapper.framework; includeInIndex = 0; path = Pods_CleanScoreDemoTests.framework; sourceTree = BUILT_PRODUCTS_DIR; };
		E4F223CEEAB82D28E99F27DB /* Pods-CleanScoreDemoTests.release.xcconfig */ = {isa = PBXFileReference; includeInIndex = 1; lastKnownFileType = text.xcconfig; name = "Pods-CleanScoreDemoTests.release.xcconfig"; path = "Pods/Target Support Files/Pods-CleanScoreDemoTests/Pods-CleanScoreDemoTests.release.xcconfig"; sourceTree = "<group>"; };
		F0D39E76ABAE9814EB2F5E1B /* Pods-CleanScoreDemoUITests.release.xcconfig */ = {isa = PBXFileReference; includeInIndex = 1; lastKnownFileType = text.xcconfig; name = "Pods-CleanScoreDemoUITests.release.xcconfig"; path = "Pods/Target Support Files/Pods-CleanScoreDemoUITests/Pods-CleanScoreDemoUITests.release.xcconfig"; sourceTree = "<group>"; };
/* End PBXFileReference section */

/* Begin PBXFrameworksBuildPhase section */
		602DF45B2028B15400E6A115 /* Frameworks */ = {
			isa = PBXFrameworksBuildPhase;
			buildActionMask = 2147483647;
			files = (
				F64E5C2FBFF3C79C5090DE25 /* Pods_CleanScoreDemo.framework in Frameworks */,
			);
			runOnlyForDeploymentPostprocessing = 0;
		};
		602DF46F2028B15400E6A115 /* Frameworks */ = {
			isa = PBXFrameworksBuildPhase;
			buildActionMask = 2147483647;
			files = (
				EDB106933E1B90BE34116FA6 /* Pods_CleanScoreDemoTests.framework in Frameworks */,
			);
			runOnlyForDeploymentPostprocessing = 0;
		};
		602DF47A2028B15400E6A115 /* Frameworks */ = {
			isa = PBXFrameworksBuildPhase;
			buildActionMask = 2147483647;
			files = (
				ABBE20CA0AC7977B71D9A101 /* Pods_CleanScoreDemoUITests.framework in Frameworks */,
			);
			runOnlyForDeploymentPostprocessing = 0;
		};
/* End PBXFrameworksBuildPhase section */

/* Begin PBXGroup section */
		602DF4552028B15400E6A115 = {
			isa = PBXGroup;
			children = (
				602DF4602028B15400E6A115 /* CleanScoreDemo */,
				602DF4752028B15400E6A115 /* CleanScoreDemoTests */,
				602DF4802028B15400E6A115 /* CleanScoreDemoUITests */,
				602DF45F2028B15400E6A115 /* Products */,
				9FF71950B45DE2A9C5C0643F /* Pods */,
				B285A80C5C6F402C54B22CE0 /* Frameworks */,
			);
			sourceTree = "<group>";
		};
		602DF45F2028B15400E6A115 /* Products */ = {
			isa = PBXGroup;
			children = (
				602DF45E2028B15400E6A115 /* CleanScoreDemo.app */,
				602DF4722028B15400E6A115 /* CleanScoreDemoTests.xctest */,
				602DF47D2028B15400E6A115 /* CleanScoreDemoUITests.xctest */,
			);
			name = Products;
			sourceTree = "<group>";
		};
		602DF4602028B15400E6A115 /* CleanScoreDemo */ = {
			isa = PBXGroup;
			children = (
				605ECC3F2028E39900B81D8D /* Model */,
				605ECC3A2028D07900B81D8D /* Protocols */,
				605ECC352028D02800B81D8D /* Helpers */,
				602DF4902028BB0C00E6A115 /* ViewControllers */,
				602DF48F2028BB0100E6A115 /* Views */,
				602DF4612028B15400E6A115 /* AppDelegate.swift */,
				602DF4652028B15400E6A115 /* Main.storyboard */,
				602DF4682028B15400E6A115 /* Assets.xcassets */,
				602DF46A2028B15400E6A115 /* LaunchScreen.storyboard */,
				602DF46D2028B15400E6A115 /* Info.plist */,
				605ECC3B2028D09B00B81D8D /* NetworkError.swift */,
				605ECC3D2028D0B700B81D8D /* Constants.swift */,
			);
			path = CleanScoreDemo;
			sourceTree = "<group>";
		};
		602DF4752028B15400E6A115 /* CleanScoreDemoTests */ = {
			isa = PBXGroup;
			children = (
				602DF4762028B15400E6A115 /* CleanScoreDemoTests.swift */,
				602DF4782028B15400E6A115 /* Info.plist */,
				60D59DB42029CF3300D54FD5 /* creditReturnedScore.json */,
			);
			path = CleanScoreDemoTests;
			sourceTree = "<group>";
		};
		602DF4802028B15400E6A115 /* CleanScoreDemoUITests */ = {
			isa = PBXGroup;
			children = (
				602DF4812028B15400E6A115 /* CleanScoreDemoUITests.swift */,
				602DF4832028B15400E6A115 /* Info.plist */,
			);
			path = CleanScoreDemoUITests;
			sourceTree = "<group>";
		};
		602DF48F2028BB0100E6A115 /* Views */ = {
			isa = PBXGroup;
			children = (
				605ECC332028BE9000B81D8D /* ArcView.swift */,
			);
			path = Views;
			sourceTree = "<group>";
		};
		602DF4902028BB0C00E6A115 /* ViewControllers */ = {
			isa = PBXGroup;
			children = (
				602DF4912028BB2200E6A115 /* MainViewController.swift */,
			);
			path = ViewControllers;
			sourceTree = "<group>";
		};
		605ECC352028D02800B81D8D /* Helpers */ = {
			isa = PBXGroup;
			children = (
				605ECC382028D06400B81D8D /* ServiceManager.swift */,
				605ECC462029B3E800B81D8D /* JsonParser.swift */,
			);
			path = Helpers;
			sourceTree = "<group>";
		};
		605ECC3A2028D07900B81D8D /* Protocols */ = {
			isa = PBXGroup;
			children = (
				605ECC362028D05800B81D8D /* ServiceManagerProtocol.swift */,
				605ECC422029B38200B81D8D /* ParserProtocol.swift */,
				605ECC442029B38B00B81D8D /* JsonParserProtocol.swift */,
				605ECC4A2029B4FB00B81D8D /* SessionManagerProtocol.swift */,
			);
			path = Protocols;
			sourceTree = "<group>";
		};
		605ECC3F2028E39900B81D8D /* Model */ = {
			isa = PBXGroup;
			children = (
				605ECC402028E3AE00B81D8D /* CreditInfo.swift */,
				605ECC482029B4B200B81D8D /* SessionManager.swift */,
			);
			path = Model;
			sourceTree = "<group>";
		};
		9FF71950B45DE2A9C5C0643F /* Pods */ = {
			isa = PBXGroup;
			children = (
				4D9D73E469C7C40DBD11D34E /* Pods-CleanScoreDemo.debug.xcconfig */,
				44E018BD55B9DA8FBBC2B535 /* Pods-CleanScoreDemo.release.xcconfig */,
				1996A4CA71090A6F15D49A87 /* Pods-CleanScoreDemoTests.debug.xcconfig */,
				E4F223CEEAB82D28E99F27DB /* Pods-CleanScoreDemoTests.release.xcconfig */,
				970B7E8202416F2D091FC061 /* Pods-CleanScoreDemoUITests.debug.xcconfig */,
				F0D39E76ABAE9814EB2F5E1B /* Pods-CleanScoreDemoUITests.release.xcconfig */,
			);
			name = Pods;
			sourceTree = "<group>";
		};
		B285A80C5C6F402C54B22CE0 /* Frameworks */ = {
			isa = PBXGroup;
			children = (
				39B95981DA5512CF9F4BFAA9 /* Pods_CleanScoreDemo.framework */,
				D2160DD7085881272383EEFD /* Pods_CleanScoreDemoTests.framework */,
				C16C871EEDDCF31C19E11B84 /* Pods_CleanScoreDemoUITests.framework */,
			);
			name = Frameworks;
			sourceTree = "<group>";
		};
/* End PBXGroup section */

/* Begin PBXNativeTarget section */
		602DF45D2028B15400E6A115 /* CleanScoreDemo */ = {
			isa = PBXNativeTarget;
			buildConfigurationList = 602DF4862028B15400E6A115 /* Build configuration list for PBXNativeTarget "CleanScoreDemo" */;
			buildPhases = (
				0A5C8EFE4A66493B0D569D32 /* [CP] Check Pods Manifest.lock */,
				602DF45A2028B15400E6A115 /* Sources */,
				602DF45B2028B15400E6A115 /* Frameworks */,
				602DF45C2028B15400E6A115 /* Resources */,
				118285B4A1570E31014FADD9 /* [CP] Embed Pods Frameworks */,
				CE2547BD78CCD7AC365FA71E /* [CP] Copy Pods Resources */,
			);
			buildRules = (
			);
			dependencies = (
			);
			name = CleanScoreDemo;
			productName = CleanScoreDemo;
			productReference = 602DF45E2028B15400E6A115 /* CleanScoreDemo.app */;
			productType = "com.apple.product-type.application";
		};
		602DF4712028B15400E6A115 /* CleanScoreDemoTests */ = {
			isa = PBXNativeTarget;
			buildConfigurationList = 602DF4892028B15400E6A115 /* Build configuration list for PBXNativeTarget "CleanScoreDemoTests" */;
			buildPhases = (
				D2F2B6B20A207E793170FCB4 /* [CP] Check Pods Manifest.lock */,
				602DF46E2028B15400E6A115 /* Sources */,
				602DF46F2028B15400E6A115 /* Frameworks */,
				602DF4702028B15400E6A115 /* Resources */,
				9BACBEE07455C3F49132477D /* [CP] Embed Pods Frameworks */,
				BF0E8B6AF5C4677A87BB6A5A /* [CP] Copy Pods Resources */,
			);
			buildRules = (
			);
			dependencies = (
				602DF4742028B15400E6A115 /* PBXTargetDependency */,
			);
			name = CleanScoreDemoTests;
			productName = CleanScoreDemoTests;
			productReference = 602DF4722028B15400E6A115 /* CleanScoreDemoTests.xctest */;
			productType = "com.apple.product-type.bundle.unit-test";
		};
		602DF47C2028B15400E6A115 /* CleanScoreDemoUITests */ = {
			isa = PBXNativeTarget;
			buildConfigurationList = 602DF48C2028B15400E6A115 /* Build configuration list for PBXNativeTarget "CleanScoreDemoUITests" */;
			buildPhases = (
				EBC18F316C9C558863682F0C /* [CP] Check Pods Manifest.lock */,
				602DF4792028B15400E6A115 /* Sources */,
				602DF47A2028B15400E6A115 /* Frameworks */,
				602DF47B2028B15400E6A115 /* Resources */,
				2FF47B056295CD2A8B5A573F /* [CP] Embed Pods Frameworks */,
				25A3028E8C8FE2CC24967AD1 /* [CP] Copy Pods Resources */,
			);
			buildRules = (
			);
			dependencies = (
				602DF47F2028B15400E6A115 /* PBXTargetDependency */,
			);
			name = CleanScoreDemoUITests;
			productName = CleanScoreDemoUITests;
			productReference = 602DF47D2028B15400E6A115 /* CleanScoreDemoUITests.xctest */;
			productType = "com.apple.product-type.bundle.ui-testing";
		};
/* End PBXNativeTarget section */

/* Begin PBXProject section */
		602DF4562028B15400E6A115 /* Project object */ = {
			isa = PBXProject;
			attributes = {
				LastSwiftUpdateCheck = 0920;
				LastUpgradeCheck = 0920;
				ORGANIZATIONNAME = "Fong Bao";
				TargetAttributes = {
					602DF45D2028B15400E6A115 = {
						CreatedOnToolsVersion = 9.2;
						ProvisioningStyle = Automatic;
					};
					602DF4712028B15400E6A115 = {
						CreatedOnToolsVersion = 9.2;
						ProvisioningStyle = Automatic;
						TestTargetID = 602DF45D2028B15400E6A115;
					};
					602DF47C2028B15400E6A115 = {
						CreatedOnToolsVersion = 9.2;
						ProvisioningStyle = Automatic;
						TestTargetID = 602DF45D2028B15400E6A115;
					};
				};
			};
			buildConfigurationList = 602DF4592028B15400E6A115 /* Build configuration list for PBXProject "CleanScoreDemo" */;
			compatibilityVersion = "Xcode 8.0";
			developmentRegion = en;
			hasScannedForEncodings = 0;
			knownRegions = (
				en,
				Base,
			);
			mainGroup = 602DF4552028B15400E6A115;
			productRefGroup = 602DF45F2028B15400E6A115 /* Products */;
			projectDirPath = "";
			projectRoot = "";
			targets = (
				602DF45D2028B15400E6A115 /* CleanScoreDemo */,
				602DF4712028B15400E6A115 /* CleanScoreDemoTests */,
				602DF47C2028B15400E6A115 /* CleanScoreDemoUITests */,
			);
		};
/* End PBXProject section */

/* Begin PBXResourcesBuildPhase section */
		602DF45C2028B15400E6A115 /* Resources */ = {
			isa = PBXResourcesBuildPhase;
			buildActionMask = 2147483647;
			files = (
				60439D522029D75C00E0B549 /* creditReturnedScore.json in Resources */,
				602DF46C2028B15400E6A115 /* LaunchScreen.storyboard in Resources */,
				602DF4692028B15400E6A115 /* Assets.xcassets in Resources */,
				602DF4672028B15400E6A115 /* Main.storyboard in Resources */,
			);
			runOnlyForDeploymentPostprocessing = 0;
		};
		602DF4702028B15400E6A115 /* Resources */ = {
			isa = PBXResourcesBuildPhase;
			buildActionMask = 2147483647;
			files = (
				60D59DB52029CF3300D54FD5 /* creditReturnedScore.json in Resources */,
			);
			runOnlyForDeploymentPostprocessing = 0;
		};
		602DF47B2028B15400E6A115 /* Resources */ = {
			isa = PBXResourcesBuildPhase;
			buildActionMask = 2147483647;
			files = (
			);
			runOnlyForDeploymentPostprocessing = 0;
		};
/* End PBXResourcesBuildPhase section */

/* Begin PBXShellScriptBuildPhase section */
		0A5C8EFE4A66493B0D569D32 /* [CP] Check Pods Manifest.lock */ = {
			isa = PBXShellScriptBuildPhase;
			buildActionMask = 2147483647;
			files = (
			);
			inputPaths = (
				"${PODS_PODFILE_DIR_PATH}/Podfile.lock",
				"${PODS_ROOT}/Manifest.lock",
			);
			name = "[CP] Check Pods Manifest.lock";
			outputPaths = (
				"$(DERIVED_FILE_DIR)/Pods-CleanScoreDemo-checkManifestLockResult.txt",
			);
			runOnlyForDeploymentPostprocessing = 0;
			shellPath = /bin/sh;
			shellScript = "diff \"${PODS_PODFILE_DIR_PATH}/Podfile.lock\" \"${PODS_ROOT}/Manifest.lock\" > /dev/null\nif [ $? != 0 ] ; then\n    # print error to STDERR\n    echo \"error: The sandbox is not in sync with the Podfile.lock. Run 'pod install' or update your CocoaPods installation.\" >&2\n    exit 1\nfi\n# This output is used by Xcode 'outputs' to avoid re-running this script phase.\necho \"SUCCESS\" > \"${SCRIPT_OUTPUT_FILE_0}\"\n";
			showEnvVarsInLog = 0;
		};
		118285B4A1570E31014FADD9 /* [CP] Embed Pods Frameworks */ = {
			isa = PBXShellScriptBuildPhase;
			buildActionMask = 2147483647;
			files = (
			);
			inputPaths = (
				"${SRCROOT}/Pods/Target Support Files/Pods-CleanScoreDemo/Pods-CleanScoreDemo-frameworks.sh",
				"${BUILT_PRODUCTS_DIR}/Alamofire/Alamofire.framework",
				"${BUILT_PRODUCTS_DIR}/RxSwift/RxSwift.framework",
			);
			name = "[CP] Embed Pods Frameworks";
			outputPaths = (
				"${TARGET_BUILD_DIR}/${FRAMEWORKS_FOLDER_PATH}/Alamofire.framework",
				"${TARGET_BUILD_DIR}/${FRAMEWORKS_FOLDER_PATH}/RxSwift.framework",
			);
			runOnlyForDeploymentPostprocessing = 0;
			shellPath = /bin/sh;
			shellScript = "\"${SRCROOT}/Pods/Target Support Files/Pods-CleanScoreDemo/Pods-CleanScoreDemo-frameworks.sh\"\n";
			showEnvVarsInLog = 0;
		};
		25A3028E8C8FE2CC24967AD1 /* [CP] Copy Pods Resources */ = {
			isa = PBXShellScriptBuildPhase;
			buildActionMask = 2147483647;
			files = (
			);
			inputPaths = (
			);
			name = "[CP] Copy Pods Resources";
			outputPaths = (
			);
			runOnlyForDeploymentPostprocessing = 0;
			shellPath = /bin/sh;
			shellScript = "\"${SRCROOT}/Pods/Target Support Files/Pods-CleanScoreDemoUITests/Pods-CleanScoreDemoUITests-resources.sh\"\n";
			showEnvVarsInLog = 0;
		};
		2FF47B056295CD2A8B5A573F /* [CP] Embed Pods Frameworks */ = {
			isa = PBXShellScriptBuildPhase;
			buildActionMask = 2147483647;
			files = (
			);
			inputPaths = (
			);
			name = "[CP] Embed Pods Frameworks";
			outputPaths = (
			);
			runOnlyForDeploymentPostprocessing = 0;
			shellPath = /bin/sh;
			shellScript = "\"${SRCROOT}/Pods/Target Support Files/Pods-CleanScoreDemoUITests/Pods-CleanScoreDemoUITests-frameworks.sh\"\n";
			showEnvVarsInLog = 0;
		};
		9BACBEE07455C3F49132477D /* [CP] Embed Pods Frameworks */ = {
			isa = PBXShellScriptBuildPhase;
			buildActionMask = 2147483647;
			files = (
			);
			inputPaths = (
			);
			name = "[CP] Embed Pods Frameworks";
			outputPaths = (
			);
			runOnlyForDeploymentPostprocessing = 0;
			shellPath = /bin/sh;
			shellScript = "\"${SRCROOT}/Pods/Target Support Files/Pods-CleanScoreDemoTests/Pods-CleanScoreDemoTests-frameworks.sh\"\n";
			showEnvVarsInLog = 0;
		};
		BF0E8B6AF5C4677A87BB6A5A /* [CP] Copy Pods Resources */ = {
			isa = PBXShellScriptBuildPhase;
			buildActionMask = 2147483647;
			files = (
			);
			inputPaths = (
			);
			name = "[CP] Copy Pods Resources";
			outputPaths = (
			);
			runOnlyForDeploymentPostprocessing = 0;
			shellPath = /bin/sh;
			shellScript = "\"${SRCROOT}/Pods/Target Support Files/Pods-CleanScoreDemoTests/Pods-CleanScoreDemoTests-resources.sh\"\n";
			showEnvVarsInLog = 0;
		};
		CE2547BD78CCD7AC365FA71E /* [CP] Copy Pods Resources */ = {
			isa = PBXShellScriptBuildPhase;
			buildActionMask = 2147483647;
			files = (
			);
			inputPaths = (
			);
			name = "[CP] Copy Pods Resources";
			outputPaths = (
			);
			runOnlyForDeploymentPostprocessing = 0;
			shellPath = /bin/sh;
			shellScript = "\"${SRCROOT}/Pods/Target Support Files/Pods-CleanScoreDemo/Pods-CleanScoreDemo-resources.sh\"\n";
			showEnvVarsInLog = 0;
		};
		D2F2B6B20A207E793170FCB4 /* [CP] Check Pods Manifest.lock */ = {
			isa = PBXShellScriptBuildPhase;
			buildActionMask = 2147483647;
			files = (
			);
			inputPaths = (
				"${PODS_PODFILE_DIR_PATH}/Podfile.lock",
				"${PODS_ROOT}/Manifest.lock",
			);
			name = "[CP] Check Pods Manifest.lock";
			outputPaths = (
				"$(DERIVED_FILE_DIR)/Pods-CleanScoreDemoTests-checkManifestLockResult.txt",
			);
			runOnlyForDeploymentPostprocessing = 0;
			shellPath = /bin/sh;
			shellScript = "diff \"${PODS_PODFILE_DIR_PATH}/Podfile.lock\" \"${PODS_ROOT}/Manifest.lock\" > /dev/null\nif [ $? != 0 ] ; then\n    # print error to STDERR\n    echo \"error: The sandbox is not in sync with the Podfile.lock. Run 'pod install' or update your CocoaPods installation.\" >&2\n    exit 1\nfi\n# This output is used by Xcode 'outputs' to avoid re-running this script phase.\necho \"SUCCESS\" > \"${SCRIPT_OUTPUT_FILE_0}\"\n";
			showEnvVarsInLog = 0;
		};
		EBC18F316C9C558863682F0C /* [CP] Check Pods Manifest.lock */ = {
			isa = PBXShellScriptBuildPhase;
			buildActionMask = 2147483647;
			files = (
			);
			inputPaths = (
				"${PODS_PODFILE_DIR_PATH}/Podfile.lock",
				"${PODS_ROOT}/Manifest.lock",
			);
			name = "[CP] Check Pods Manifest.lock";
			outputPaths = (
				"$(DERIVED_FILE_DIR)/Pods-CleanScoreDemoUITests-checkManifestLockResult.txt",
			);
			runOnlyForDeploymentPostprocessing = 0;
			shellPath = /bin/sh;
			shellScript = "diff \"${PODS_PODFILE_DIR_PATH}/Podfile.lock\" \"${PODS_ROOT}/Manifest.lock\" > /dev/null\nif [ $? != 0 ] ; then\n    # print error to STDERR\n    echo \"error: The sandbox is not in sync with the Podfile.lock. Run 'pod install' or update your CocoaPods installation.\" >&2\n    exit 1\nfi\n# This output is used by Xcode 'outputs' to avoid re-running this script phase.\necho \"SUCCESS\" > \"${SCRIPT_OUTPUT_FILE_0}\"\n";
			showEnvVarsInLog = 0;
		};
/* End PBXShellScriptBuildPhase section */

/* Begin PBXSourcesBuildPhase section */
		602DF45A2028B15400E6A115 /* Sources */ = {
			isa = PBXSourcesBuildPhase;
			buildActionMask = 2147483647;
			files = (
				605ECC342028BE9000B81D8D /* ArcView.swift in Sources */,
				605ECC372028D05800B81D8D /* ServiceManagerProtocol.swift in Sources */,
				605ECC492029B4B200B81D8D /* SessionManager.swift in Sources */,
				605ECC412028E3AE00B81D8D /* CreditInfo.swift in Sources */,
				602DF4622028B15400E6A115 /* AppDelegate.swift in Sources */,
				605ECC452029B38B00B81D8D /* JsonParserProtocol.swift in Sources */,
				605ECC3C2028D09B00B81D8D /* NetworkError.swift in Sources */,
				605ECC3E2028D0B700B81D8D /* Constants.swift in Sources */,
				602DF4922028BB2200E6A115 /* MainViewController.swift in Sources */,
				605ECC392028D06400B81D8D /* ServiceManager.swift in Sources */,
				605ECC4B2029B4FB00B81D8D /* SessionManagerProtocol.swift in Sources */,
				605ECC472029B3E800B81D8D /* JsonParser.swift in Sources */,
				605ECC432029B38200B81D8D /* ParserProtocol.swift in Sources */,
			);
			runOnlyForDeploymentPostprocessing = 0;
		};
		602DF46E2028B15400E6A115 /* Sources */ = {
			isa = PBXSourcesBuildPhase;
			buildActionMask = 2147483647;
			files = (
				602DF4772028B15400E6A115 /* CleanScoreDemoTests.swift in Sources */,
			);
			runOnlyForDeploymentPostprocessing = 0;
		};
		602DF4792028B15400E6A115 /* Sources */ = {
			isa = PBXSourcesBuildPhase;
			buildActionMask = 2147483647;
			files = (
				602DF4822028B15400E6A115 /* CleanScoreDemoUITests.swift in Sources */,
			);
			runOnlyForDeploymentPostprocessing = 0;
		};
/* End PBXSourcesBuildPhase section */

/* Begin PBXTargetDependency section */
		602DF4742028B15400E6A115 /* PBXTargetDependency */ = {
			isa = PBXTargetDependency;
			target = 602DF45D2028B15400E6A115 /* CleanScoreDemo */;
			targetProxy = 602DF4732028B15400E6A115 /* PBXContainerItemProxy */;
		};
		602DF47F2028B15400E6A115 /* PBXTargetDependency */ = {
			isa = PBXTargetDependency;
			target = 602DF45D2028B15400E6A115 /* CleanScoreDemo */;
			targetProxy = 602DF47E2028B15400E6A115 /* PBXContainerItemProxy */;
		};
/* End PBXTargetDependency section */

/* Begin PBXVariantGroup section */
		602DF4652028B15400E6A115 /* Main.storyboard */ = {
			isa = PBXVariantGroup;
			children = (
				602DF4662028B15400E6A115 /* Base */,
			);
			name = Main.storyboard;
			sourceTree = "<group>";
		};
		602DF46A2028B15400E6A115 /* LaunchScreen.storyboard */ = {
			isa = PBXVariantGroup;
			children = (
				602DF46B2028B15400E6A115 /* Base */,
			);
			name = LaunchScreen.storyboard;
			sourceTree = "<group>";
		};
/* End PBXVariantGroup section */

/* Begin XCBuildConfiguration section */
		602DF4842028B15400E6A115 /* Debug */ = {
			isa = XCBuildConfiguration;
			buildSettings = {
				ALWAYS_SEARCH_USER_PATHS = NO;
				CLANG_ANALYZER_NONNULL = YES;
				CLANG_ANALYZER_NUMBER_OBJECT_CONVERSION = YES_AGGRESSIVE;
				CLANG_CXX_LANGUAGE_STANDARD = "gnu++14";
				CLANG_CXX_LIBRARY = "libc++";
				CLANG_ENABLE_MODULES = YES;
				CLANG_ENABLE_OBJC_ARC = YES;
				CLANG_WARN_BLOCK_CAPTURE_AUTORELEASING = YES;
				CLANG_WARN_BOOL_CONVERSION = YES;
				CLANG_WARN_COMMA = YES;
				CLANG_WARN_CONSTANT_CONVERSION = YES;
				CLANG_WARN_DIRECT_OBJC_ISA_USAGE = YES_ERROR;
				CLANG_WARN_DOCUMENTATION_COMMENTS = YES;
				CLANG_WARN_EMPTY_BODY = YES;
				CLANG_WARN_ENUM_CONVERSION = YES;
				CLANG_WARN_INFINITE_RECURSION = YES;
				CLANG_WARN_INT_CONVERSION = YES;
				CLANG_WARN_NON_LITERAL_NULL_CONVERSION = YES;
				CLANG_WARN_OBJC_LITERAL_CONVERSION = YES;
				CLANG_WARN_OBJC_ROOT_CLASS = YES_ERROR;
				CLANG_WARN_RANGE_LOOP_ANALYSIS = YES;
				CLANG_WARN_STRICT_PROTOTYPES = YES;
				CLANG_WARN_SUSPICIOUS_MOVE = YES;
				CLANG_WARN_UNGUARDED_AVAILABILITY = YES_AGGRESSIVE;
				CLANG_WARN_UNREACHABLE_CODE = YES;
				CLANG_WARN__DUPLICATE_METHOD_MATCH = YES;
				CODE_SIGN_IDENTITY = "iPhone Developer";
				COPY_PHASE_STRIP = NO;
				DEBUG_INFORMATION_FORMAT = dwarf;
				ENABLE_STRICT_OBJC_MSGSEND = YES;
				ENABLE_TESTABILITY = YES;
				GCC_C_LANGUAGE_STANDARD = gnu11;
				GCC_DYNAMIC_NO_PIC = NO;
				GCC_NO_COMMON_BLOCKS = YES;
				GCC_OPTIMIZATION_LEVEL = 0;
				GCC_PREPROCESSOR_DEFINITIONS = (
					"DEBUG=1",
					"$(inherited)",
				);
				GCC_WARN_64_TO_32_BIT_CONVERSION = YES;
				GCC_WARN_ABOUT_RETURN_TYPE = YES_ERROR;
				GCC_WARN_UNDECLARED_SELECTOR = YES;
				GCC_WARN_UNINITIALIZED_AUTOS = YES_AGGRESSIVE;
				GCC_WARN_UNUSED_FUNCTION = YES;
				GCC_WARN_UNUSED_VARIABLE = YES;
				IPHONEOS_DEPLOYMENT_TARGET = 11.2;
				MTL_ENABLE_DEBUG_INFO = YES;
				ONLY_ACTIVE_ARCH = YES;
				SDKROOT = iphoneos;
				SWIFT_ACTIVE_COMPILATION_CONDITIONS = DEBUG;
				SWIFT_OPTIMIZATION_LEVEL = "-Onone";
			};
			name = Debug;
		};
		602DF4852028B15400E6A115 /* Release */ = {
			isa = XCBuildConfiguration;
			buildSettings = {
				ALWAYS_SEARCH_USER_PATHS = NO;
				CLANG_ANALYZER_NONNULL = YES;
				CLANG_ANALYZER_NUMBER_OBJECT_CONVERSION = YES_AGGRESSIVE;
				CLANG_CXX_LANGUAGE_STANDARD = "gnu++14";
				CLANG_CXX_LIBRARY = "libc++";
				CLANG_ENABLE_MODULES = YES;
				CLANG_ENABLE_OBJC_ARC = YES;
				CLANG_WARN_BLOCK_CAPTURE_AUTORELEASING = YES;
				CLANG_WARN_BOOL_CONVERSION = YES;
				CLANG_WARN_COMMA = YES;
				CLANG_WARN_CONSTANT_CONVERSION = YES;
				CLANG_WARN_DIRECT_OBJC_ISA_USAGE = YES_ERROR;
				CLANG_WARN_DOCUMENTATION_COMMENTS = YES;
				CLANG_WARN_EMPTY_BODY = YES;
				CLANG_WARN_ENUM_CONVERSION = YES;
				CLANG_WARN_INFINITE_RECURSION = YES;
				CLANG_WARN_INT_CONVERSION = YES;
				CLANG_WARN_NON_LITERAL_NULL_CONVERSION = YES;
				CLANG_WARN_OBJC_LITERAL_CONVERSION = YES;
				CLANG_WARN_OBJC_ROOT_CLASS = YES_ERROR;
				CLANG_WARN_RANGE_LOOP_ANALYSIS = YES;
				CLANG_WARN_STRICT_PROTOTYPES = YES;
				CLANG_WARN_SUSPICIOUS_MOVE = YES;
				CLANG_WARN_UNGUARDED_AVAILABILITY = YES_AGGRESSIVE;
				CLANG_WARN_UNREACHABLE_CODE = YES;
				CLANG_WARN__DUPLICATE_METHOD_MATCH = YES;
				CODE_SIGN_IDENTITY = "iPhone Developer";
				COPY_PHASE_STRIP = NO;
				DEBUG_INFORMATION_FORMAT = "dwarf-with-dsym";
				ENABLE_NS_ASSERTIONS = NO;
				ENABLE_STRICT_OBJC_MSGSEND = YES;
				GCC_C_LANGUAGE_STANDARD = gnu11;
				GCC_NO_COMMON_BLOCKS = YES;
				GCC_WARN_64_TO_32_BIT_CONVERSION = YES;
				GCC_WARN_ABOUT_RETURN_TYPE = YES_ERROR;
				GCC_WARN_UNDECLARED_SELECTOR = YES;
				GCC_WARN_UNINITIALIZED_AUTOS = YES_AGGRESSIVE;
				GCC_WARN_UNUSED_FUNCTION = YES;
				GCC_WARN_UNUSED_VARIABLE = YES;
				IPHONEOS_DEPLOYMENT_TARGET = 11.2;
				MTL_ENABLE_DEBUG_INFO = NO;
				SDKROOT = iphoneos;
				SWIFT_OPTIMIZATION_LEVEL = "-Owholemodule";
				VALIDATE_PRODUCT = YES;
			};
			name = Release;
		};
		602DF4872028B15400E6A115 /* Debug */ = {
			isa = XCBuildConfiguration;
			baseConfigurationReference = 4D9D73E469C7C40DBD11D34E /* Pods-CleanScoreDemo.debug.xcconfig */;
			buildSettings = {
				ASSETCATALOG_COMPILER_APPICON_NAME = AppIcon;
				CODE_SIGN_STYLE = Automatic;
				INFOPLIST_FILE = CleanScoreDemo/Info.plist;
				LD_RUNPATH_SEARCH_PATHS = "$(inherited) @executable_path/Frameworks";
				PRODUCT_BUNDLE_IDENTIFIER = com.originalmyth.CleanScoreDemo;
				PRODUCT_NAME = "$(TARGET_NAME)";
				SWIFT_VERSION = 4.0;
				TARGETED_DEVICE_FAMILY = "1,2";
			};
			name = Debug;
		};
		602DF4882028B15400E6A115 /* Release */ = {
			isa = XCBuildConfiguration;
			baseConfigurationReference = 44E018BD55B9DA8FBBC2B535 /* Pods-CleanScoreDemo.release.xcconfig */;
			buildSettings = {
				ASSETCATALOG_COMPILER_APPICON_NAME = AppIcon;
				CODE_SIGN_STYLE = Automatic;
				INFOPLIST_FILE = CleanScoreDemo/Info.plist;
				LD_RUNPATH_SEARCH_PATHS = "$(inherited) @executable_path/Frameworks";
				PRODUCT_BUNDLE_IDENTIFIER = com.originalmyth.CleanScoreDemo;
				PRODUCT_NAME = "$(TARGET_NAME)";
				SWIFT_VERSION = 4.0;
				TARGETED_DEVICE_FAMILY = "1,2";
			};
			name = Release;
		};
		602DF48A2028B15400E6A115 /* Debug */ = {
			isa = XCBuildConfiguration;
			baseConfigurationReference = 1996A4CA71090A6F15D49A87 /* Pods-CleanScoreDemoTests.debug.xcconfig */;
			buildSettings = {
				ALWAYS_EMBED_SWIFT_STANDARD_LIBRARIES = YES;
				BUNDLE_LOADER = "$(TEST_HOST)";
				CODE_SIGN_STYLE = Automatic;
				INFOPLIST_FILE = CleanScoreDemoTests/Info.plist;
				LD_RUNPATH_SEARCH_PATHS = "$(inherited) @executable_path/Frameworks @loader_path/Frameworks";
				PRODUCT_BUNDLE_IDENTIFIER = com.originalmyth.CleanScoreDemoTests;
				PRODUCT_NAME = "$(TARGET_NAME)";
				SWIFT_VERSION = 4.0;
				TARGETED_DEVICE_FAMILY = "1,2";
				TEST_HOST = "$(BUILT_PRODUCTS_DIR)/CleanScoreDemo.app/CleanScoreDemo";
			};
			name = Debug;
		};
		602DF48B2028B15400E6A115 /* Release */ = {
			isa = XCBuildConfiguration;
			baseConfigurationReference = E4F223CEEAB82D28E99F27DB /* Pods-CleanScoreDemoTests.release.xcconfig */;
			buildSettings = {
				ALWAYS_EMBED_SWIFT_STANDARD_LIBRARIES = YES;
				BUNDLE_LOADER = "$(TEST_HOST)";
				CODE_SIGN_STYLE = Automatic;
				INFOPLIST_FILE = CleanScoreDemoTests/Info.plist;
				LD_RUNPATH_SEARCH_PATHS = "$(inherited) @executable_path/Frameworks @loader_path/Frameworks";
				PRODUCT_BUNDLE_IDENTIFIER = com.originalmyth.CleanScoreDemoTests;
				PRODUCT_NAME = "$(TARGET_NAME)";
				SWIFT_VERSION = 4.0;
				TARGETED_DEVICE_FAMILY = "1,2";
				TEST_HOST = "$(BUILT_PRODUCTS_DIR)/CleanScoreDemo.app/CleanScoreDemo";
			};
			name = Release;
		};
		602DF48D2028B15400E6A115 /* Debug */ = {
			isa = XCBuildConfiguration;
			baseConfigurationReference = 970B7E8202416F2D091FC061 /* Pods-CleanScoreDemoUITests.debug.xcconfig */;
			buildSettings = {
				ALWAYS_EMBED_SWIFT_STANDARD_LIBRARIES = YES;
				CODE_SIGN_STYLE = Automatic;
				INFOPLIST_FILE = CleanScoreDemoUITests/Info.plist;
				LD_RUNPATH_SEARCH_PATHS = "$(inherited) @executable_path/Frameworks @loader_path/Frameworks";
				PRODUCT_BUNDLE_IDENTIFIER = com.originalmyth.CleanScoreDemoUITests;
				PRODUCT_NAME = "$(TARGET_NAME)";
				SWIFT_VERSION = 4.0;
				TARGETED_DEVICE_FAMILY = "1,2";
				TEST_TARGET_NAME = CleanScoreDemo;
			};
			name = Debug;
		};
		602DF48E2028B15400E6A115 /* Release */ = {
			isa = XCBuildConfiguration;
			baseConfigurationReference = F0D39E76ABAE9814EB2F5E1B /* Pods-CleanScoreDemoUITests.release.xcconfig */;
			buildSettings = {
				ALWAYS_EMBED_SWIFT_STANDARD_LIBRARIES = YES;
				CODE_SIGN_STYLE = Automatic;
				INFOPLIST_FILE = CleanScoreDemoUITests/Info.plist;
				LD_RUNPATH_SEARCH_PATHS = "$(inherited) @executable_path/Frameworks @loader_path/Frameworks";
				PRODUCT_BUNDLE_IDENTIFIER = com.originalmyth.CleanScoreDemoUITests;
				PRODUCT_NAME = "$(TARGET_NAME)";
				SWIFT_VERSION = 4.0;
				TARGETED_DEVICE_FAMILY = "1,2";
				TEST_TARGET_NAME = CleanScoreDemo;
			};
			name = Release;
		};
/* End XCBuildConfiguration section */

/* Begin XCConfigurationList section */
		602DF4592028B15400E6A115 /* Build configuration list for PBXProject "CleanScoreDemo" */ = {
			isa = XCConfigurationList;
			buildConfigurations = (
				602DF4842028B15400E6A115 /* Debug */,
				602DF4852028B15400E6A115 /* Release */,
			);
			defaultConfigurationIsVisible = 0;
			defaultConfigurationName = Release;
		};
		602DF4862028B15400E6A115 /* Build configuration list for PBXNativeTarget "CleanScoreDemo" */ = {
			isa = XCConfigurationList;
			buildConfigurations = (
				602DF4872028B15400E6A115 /* Debug */,
				602DF4882028B15400E6A115 /* Release */,
			);
			defaultConfigurationIsVisible = 0;
			defaultConfigurationName = Release;
		};
		602DF4892028B15400E6A115 /* Build configuration list for PBXNativeTarget "CleanScoreDemoTests" */ = {
			isa = XCConfigurationList;
			buildConfigurations = (
				602DF48A2028B15400E6A115 /* Debug */,
				602DF48B2028B15400E6A115 /* Release */,
			);
			defaultConfigurationIsVisible = 0;
			defaultConfigurationName = Release;
		};
		602DF48C2028B15400E6A115 /* Build configuration list for PBXNativeTarget "CleanScoreDemoUITests" */ = {
			isa = XCConfigurationList;
			buildConfigurations = (
				602DF48D2028B15400E6A115 /* Debug */,
				602DF48E2028B15400E6A115 /* Release */,
			);
			defaultConfigurationIsVisible = 0;
			defaultConfigurationName = Release;
		};
/* End XCConfigurationList section */
	};
	rootObject = 602DF4562028B15400E6A115 /* Project object */;
}
